
Microsoft Visual Studio Solution File, Format Version 12.00
# Visual Studio Version 17
VisualStudioVersion = 17.14.36109.1 d17.14
MinimumVisualStudioVersion = 10.0.40219.1
Project("{FAE04EC0-301F-11D3-BF4B-00C04F79EFBC}") = "ViajArt", "ViajArt.csproj", "{BADF23E6-B15A-4E61-82F6-811D992B00AD}"
EndProject
Global
	GlobalSection(SolutionConfigurationPlatforms) = preSolution
		Debug|Any CPU = Debug|Any CPU
		Release|Any CPU = Release|Any CPU
	EndGlobalSection
	GlobalSection(ProjectConfigurationPlatforms) = postSolution
		{BADF23E6-B15A-4E61-82F6-811D992B00AD}.Debug|Any CPU.ActiveCfg = Debug|Any CPU
		{BADF23E6-B15A-4E61-82F6-811D992B00AD}.Debug|Any CPU.Build.0 = Debug|Any CPU
		{BADF23E6-B15A-4E61-82F6-811D992B00AD}.Release|Any CPU.ActiveCfg = Release|Any CPU
		{BADF23E6-B15A-4E61-82F6-811D992B00AD}.Release|Any CPU.Build.0 = Release|Any CPU
	EndGlobalSection
	GlobalSection(SolutionProperties) = preSolution
		HideSolutionNode = FALSE
	EndGlobalSection
	GlobalSection(ExtensibilityGlobals) = postSolution
		SolutionGuid = {797A00E1-FAD0-4E98-86E2-B948ADD1063F}
	EndGlobalSection
EndGlobal
